string_parameter_cross_check:
  string_assignment:
    test_param: Valid String
  int_assignment:
    test_param: 2
  float_assignment:
    test_param: 2.0
  bool_assignment:
    test_param: false

boolean_parameter_cross_check:
  string_assignment:
    test_param: Valid String
  int_assignment:
    test_param: 2
  float_assignment:
    test_param: 2.0
  bool_assignment:
    test_param: false

integer_parameter_cross_check:
  string_assignment:
    test_param: Valid String
  int_assignment:
    test_param: 2
  float_assignment:
    test_param: 2.0
  bool_assignment:
    test_param: false

float_parameter_cross_check:
  string_assignment:
    test_param: Valid String
  int_assignment:
    test_param: 2
  float_assignment:
    test_param: 2.0
  bool_assignment:
    test_param: false
